Microsoft Visual Studio Solution File, Format Version 12.00
# Visual Studio Version 16
VisualStudioVersion = 16.0.29709.97
MinimumVisualStudioVersion = 10.0.40219.1
Project("{9A19103F-16F7-4668-BE54-9A1E7A4F7556}") = "EdiNationAPI.Standard", "EdiNationAPI.Standard\EdiNationAPI.Standard.csproj", "{11F73E62-AE9D-4DC3-AF51-7C9EEBB42524}"
EndProject
Global
	GlobalSection(SolutionConfigurationPlatforms) = preSolution
		Debug|Any CPU = Debug|Any CPU
		Release|Any CPU = Release|Any CPU
	EndGlobalSection
	GlobalSection(ProjectConfigurationPlatforms) = postSolution
		{11F73E62-AE9D-4DC3-AF51-7C9EEBB42524}.Debug|Any CPU.ActiveCfg = Debug|Any CPU
		{11F73E62-AE9D-4DC3-AF51-7C9EEBB42524}.Debug|Any CPU.Build.0 = Debug|Any CPU
		{11F73E62-AE9D-4DC3-AF51-7C9EEBB42524}.Release|Any CPU.ActiveCfg = Release|Any CPU
		{11F73E62-AE9D-4DC3-AF51-7C9EEBB42524}.Release|Any CPU.Build.0 = Release|Any CPU
	EndGlobalSection
	GlobalSection(SolutionProperties) = preSolution
		HideSolutionNode = FALSE
	EndGlobalSection
	GlobalSection(ExtensibilityGlobals) = postSolution
		SolutionGuid = {DB9A55A1-B780-40FC-A9D9-12948A993E01}
	EndGlobalSection
EndGlobal
